%{"html5ever": {:hex, :html5ever, "0.3.0", "54fcb8331290363fd0e85301675e6079daf1524aef436104ed0bf485bc0757cd", [:mix], [{:rustler, "~> 0.9", [hex: :rustler, optional: false]}]},
  "meeseeks": {:hex, :meeseeks, "0.3.0", "01ffe961c39460fd6bc2c447422a39875424c5fffb2f917873d72f9a3ad6d23c", [:mix], [{:html5ever, "~> 0.3.0", [hex: :html5ever, optional: false]}]},
  "rustler": {:hex, :rustler, "0.9.0", "6fa87ac78f48f70aa8ecfb6e16b8af41c398989d33de41d292b5581d6a2eeb5a", [:mix], []}}
